
Microsoft Visual Studio Solution File, Format Version 12.00
# Visual Studio Version 16
VisualStudioVersion = 16.0.33927.289
MinimumVisualStudioVersion = 10.0.40219.1
Project("{8BC9CEB8-8B4A-11D0-8D11-00A0C91BC942}") = "list_training", "list_training\list_training.vcxproj", "{0071CB3C-2C8C-44CD-A1A2-0C56075B25E9}"
EndProject
Global
	GlobalSection(SolutionConfigurationPlatforms) = preSolution
		Debug|x64 = Debug|x64
		Debug|x86 = Debug|x86
		Release|x64 = Release|x64
		Release|x86 = Release|x86
	EndGlobalSection
	GlobalSection(ProjectConfigurationPlatforms) = postSolution
		{0071CB3C-2C8C-44CD-A1A2-0C56075B25E9}.Debug|x64.ActiveCfg = Debug|x64
		{0071CB3C-2C8C-44CD-A1A2-0C56075B25E9}.Debug|x64.Build.0 = Debug|x64
		{0071CB3C-2C8C-44CD-A1A2-0C56075B25E9}.Debug|x86.ActiveCfg = Debug|Win32
		{0071CB3C-2C8C-44CD-A1A2-0C56075B25E9}.Debug|x86.Build.0 = Debug|Win32
		{0071CB3C-2C8C-44CD-A1A2-0C56075B25E9}.Release|x64.ActiveCfg = Release|x64
		{0071CB3C-2C8C-44CD-A1A2-0C56075B25E9}.Release|x64.Build.0 = Release|x64
		{0071CB3C-2C8C-44CD-A1A2-0C56075B25E9}.Release|x86.ActiveCfg = Release|Win32
		{0071CB3C-2C8C-44CD-A1A2-0C56075B25E9}.Release|x86.Build.0 = Release|Win32
	EndGlobalSection
	GlobalSection(SolutionProperties) = preSolution
		HideSolutionNode = FALSE
	EndGlobalSection
	GlobalSection(ExtensibilityGlobals) = postSolution
		SolutionGuid = {28B79038-0438-48A2-817E-0ACC50DA84D6}
	EndGlobalSection
EndGlobal
